
Microsoft Visual Studio Solution File, Format Version 12.00
# Visual Studio Version 17
VisualStudioVersion = 17.13.35919.96 d17.13
MinimumVisualStudioVersion = 10.0.40219.1
Project("{FAE04EC0-301F-11D3-BF4B-00C04F79EFBC}") = "O.U.S.E.SCybersecurityAwarenessBot", "O.U.S.E.SCybersecurityAwarenessBot.csproj", "{F4521A46-46EC-4500-8C14-672D43242641}"
EndProject
Global
	GlobalSection(SolutionConfigurationPlatforms) = preSolution
		Debug|Any CPU = Debug|Any CPU
		Release|Any CPU = Release|Any CPU
	EndGlobalSection
	GlobalSection(ProjectConfigurationPlatforms) = postSolution
		{F4521A46-46EC-4500-8C14-672D43242641}.Debug|Any CPU.ActiveCfg = Debug|Any CPU
		{F4521A46-46EC-4500-8C14-672D43242641}.Debug|Any CPU.Build.0 = Debug|Any CPU
		{F4521A46-46EC-4500-8C14-672D43242641}.Release|Any CPU.ActiveCfg = Release|Any CPU
		{F4521A46-46EC-4500-8C14-672D43242641}.Release|Any CPU.Build.0 = Release|Any CPU
	EndGlobalSection
	GlobalSection(SolutionProperties) = preSolution
		HideSolutionNode = FALSE
	EndGlobalSection
	GlobalSection(ExtensibilityGlobals) = postSolution
		SolutionGuid = {5B0C2241-20C3-4BA9-BC63-C08319C16F53}
	EndGlobalSection
EndGlobal
