
Microsoft Visual Studio Solution File, Format Version 12.00
# Visual Studio Version 17
VisualStudioVersion = 17.13.35919.96 d17.13
MinimumVisualStudioVersion = 10.0.40219.1
Project("{FAE04EC0-301F-11D3-BF4B-00C04F79EFBC}") = "OusesCybersecurityAwarenessBot", "OusesCybersecurityAwarenessBot.csproj", "{708341EF-89E4-4670-8EC2-27F1A60C7FCC}"
EndProject
Global
	GlobalSection(SolutionConfigurationPlatforms) = preSolution
		Debug|Any CPU = Debug|Any CPU
		Release|Any CPU = Release|Any CPU
	EndGlobalSection
	GlobalSection(ProjectConfigurationPlatforms) = postSolution
		{708341EF-89E4-4670-8EC2-27F1A60C7FCC}.Debug|Any CPU.ActiveCfg = Debug|Any CPU
		{708341EF-89E4-4670-8EC2-27F1A60C7FCC}.Debug|Any CPU.Build.0 = Debug|Any CPU
		{708341EF-89E4-4670-8EC2-27F1A60C7FCC}.Release|Any CPU.ActiveCfg = Release|Any CPU
		{708341EF-89E4-4670-8EC2-27F1A60C7FCC}.Release|Any CPU.Build.0 = Release|Any CPU
	EndGlobalSection
	GlobalSection(SolutionProperties) = preSolution
		HideSolutionNode = FALSE
	EndGlobalSection
	GlobalSection(ExtensibilityGlobals) = postSolution
		SolutionGuid = {D3792C66-863D-4362-8742-22543CFDD86F}
	EndGlobalSection
EndGlobal
